
Microsoft Visual Studio Solution File, Format Version 12.00
# Visual Studio Version 17
VisualStudioVersion = 17.9.34723.18
MinimumVisualStudioVersion = 10.0.40219.1
Project("{9A19103F-16F7-4668-BE54-9A1E7A4F7556}") = "Order.API", "Order.API\Order.API.csproj", "{6C4E2313-424B-43E2-B6B5-CD1AB65A0240}"
EndProject
Project("{9A19103F-16F7-4668-BE54-9A1E7A4F7556}") = "Shared", "Shared\Shared.csproj", "{A85D09C4-D1E2-4881-91F6-834C98C2DF53}"
EndProject
Project("{FAE04EC0-301F-11D3-BF4B-00C04F79EFBC}") = "Stock.API", "Stock.API\Stock.API.csproj", "{14D08376-D358-4C94-8CEB-E51E3827762E}"
EndProject
Global
	GlobalSection(SolutionConfigurationPlatforms) = preSolution
		Debug|Any CPU = Debug|Any CPU
		Release|Any CPU = Release|Any CPU
	EndGlobalSection
	GlobalSection(ProjectConfigurationPlatforms) = postSolution
		{6C4E2313-424B-43E2-B6B5-CD1AB65A0240}.Debug|Any CPU.ActiveCfg = Debug|Any CPU
		{6C4E2313-424B-43E2-B6B5-CD1AB65A0240}.Debug|Any CPU.Build.0 = Debug|Any CPU
		{6C4E2313-424B-43E2-B6B5-CD1AB65A0240}.Release|Any CPU.ActiveCfg = Release|Any CPU
		{6C4E2313-424B-43E2-B6B5-CD1AB65A0240}.Release|Any CPU.Build.0 = Release|Any CPU
		{A85D09C4-D1E2-4881-91F6-834C98C2DF53}.Debug|Any CPU.ActiveCfg = Debug|Any CPU
		{A85D09C4-D1E2-4881-91F6-834C98C2DF53}.Debug|Any CPU.Build.0 = Debug|Any CPU
		{A85D09C4-D1E2-4881-91F6-834C98C2DF53}.Release|Any CPU.ActiveCfg = Release|Any CPU
		{A85D09C4-D1E2-4881-91F6-834C98C2DF53}.Release|Any CPU.Build.0 = Release|Any CPU
		{14D08376-D358-4C94-8CEB-E51E3827762E}.Debug|Any CPU.ActiveCfg = Debug|Any CPU
		{14D08376-D358-4C94-8CEB-E51E3827762E}.Debug|Any CPU.Build.0 = Debug|Any CPU
		{14D08376-D358-4C94-8CEB-E51E3827762E}.Release|Any CPU.ActiveCfg = Release|Any CPU
		{14D08376-D358-4C94-8CEB-E51E3827762E}.Release|Any CPU.Build.0 = Release|Any CPU
	EndGlobalSection
	GlobalSection(SolutionProperties) = preSolution
		HideSolutionNode = FALSE
	EndGlobalSection
	GlobalSection(ExtensibilityGlobals) = postSolution
		SolutionGuid = {884ECCCD-CA62-4926-8EB5-2489B27880D8}
	EndGlobalSection
EndGlobal
